
Microsoft Visual Studio Solution File, Format Version 12.00
# Visual Studio Version 17
VisualStudioVersion = 17.14.36221.1 d17.14
MinimumVisualStudioVersion = 10.0.40219.1
Project("{FAE04EC0-301F-11D3-BF4B-00C04F79EFBC}") = "CSharpPlaywrightApi", "CSharpPlaywrightApi\CSharpPlaywrightApi.csproj", "{A228C314-C07D-445F-A125-0057B50ABAE2}"
EndProject
Global
	GlobalSection(SolutionConfigurationPlatforms) = preSolution
		Debug|Any CPU = Debug|Any CPU
		Release|Any CPU = Release|Any CPU
	EndGlobalSection
	GlobalSection(ProjectConfigurationPlatforms) = postSolution
		{A228C314-C07D-445F-A125-0057B50ABAE2}.Debug|Any CPU.ActiveCfg = Debug|Any CPU
		{A228C314-C07D-445F-A125-0057B50ABAE2}.Debug|Any CPU.Build.0 = Debug|Any CPU
		{A228C314-C07D-445F-A125-0057B50ABAE2}.Release|Any CPU.ActiveCfg = Release|Any CPU
		{A228C314-C07D-445F-A125-0057B50ABAE2}.Release|Any CPU.Build.0 = Release|Any CPU
	EndGlobalSection
	GlobalSection(SolutionProperties) = preSolution
		HideSolutionNode = FALSE
	EndGlobalSection
	GlobalSection(ExtensibilityGlobals) = postSolution
		SolutionGuid = {D01D0958-8B9C-4A42-8C1D-3209A76A7ED7}
	EndGlobalSection
EndGlobal
